
Microsoft Visual Studio Solution File, Format Version 12.00
# Visual Studio Version 17
VisualStudioVersion = 17.3.32901.215
MinimumVisualStudioVersion = 10.0.40219.1
Project("{FAE04EC0-301F-11D3-BF4B-00C04F79EFBC}") = "pk31", "pk31.csproj", "{EE860FF6-A3FE-4FC7-9129-53A00B8C5093}"
EndProject
Global
	GlobalSection(SolutionConfigurationPlatforms) = preSolution
		Debug|Any CPU = Debug|Any CPU
		Release|Any CPU = Release|Any CPU
	EndGlobalSection
	GlobalSection(ProjectConfigurationPlatforms) = postSolution
		{EE860FF6-A3FE-4FC7-9129-53A00B8C5093}.Debug|Any CPU.ActiveCfg = Debug|Any CPU
		{EE860FF6-A3FE-4FC7-9129-53A00B8C5093}.Debug|Any CPU.Build.0 = Debug|Any CPU
		{EE860FF6-A3FE-4FC7-9129-53A00B8C5093}.Release|Any CPU.ActiveCfg = Release|Any CPU
		{EE860FF6-A3FE-4FC7-9129-53A00B8C5093}.Release|Any CPU.Build.0 = Release|Any CPU
	EndGlobalSection
	GlobalSection(SolutionProperties) = preSolution
		HideSolutionNode = FALSE
	EndGlobalSection
	GlobalSection(ExtensibilityGlobals) = postSolution
		SolutionGuid = {796B9F52-55DF-47CA-B115-6127BDB405A1}
	EndGlobalSection
EndGlobal
